
Microsoft Visual Studio Solution File, Format Version 12.00
# Visual Studio Version 17
VisualStudioVersion = 17.8.34511.84
MinimumVisualStudioVersion = 10.0.40219.1
Project("{FAE04EC0-301F-11D3-BF4B-00C04F79EFBC}") = "WcfService1", "WcfService1.csproj", "{1762A164-E8E9-4C40-A7E5-2598672FC107}"
EndProject
Global
	GlobalSection(SolutionConfigurationPlatforms) = preSolution
		Debug|Any CPU = Debug|Any CPU
		Release|Any CPU = Release|Any CPU
	EndGlobalSection
	GlobalSection(ProjectConfigurationPlatforms) = postSolution
		{1762A164-E8E9-4C40-A7E5-2598672FC107}.Debug|Any CPU.ActiveCfg = Debug|Any CPU
		{1762A164-E8E9-4C40-A7E5-2598672FC107}.Debug|Any CPU.Build.0 = Debug|Any CPU
		{1762A164-E8E9-4C40-A7E5-2598672FC107}.Release|Any CPU.ActiveCfg = Release|Any CPU
		{1762A164-E8E9-4C40-A7E5-2598672FC107}.Release|Any CPU.Build.0 = Release|Any CPU
	EndGlobalSection
	GlobalSection(SolutionProperties) = preSolution
		HideSolutionNode = FALSE
	EndGlobalSection
	GlobalSection(ExtensibilityGlobals) = postSolution
		SolutionGuid = {BCC36019-9CA7-4219-9DBE-BFD1D34E40E5}
	EndGlobalSection
EndGlobal
